{
  "name": "console-logger-esm-test",
  "version": "1.0.0",
  "lockfileVersion": 3,
  "requires": true,
  "packages": {
    "": {
      "name": "console-logger-esm-test",
      "version": "1.0.0",
      "dependencies": {
        "@99mini/console-logger": "latest"
      }
    },
    "node_modules/@99mini/console-logger": {
      "version": "1.0.0-rc.1",
      "resolved": "https://registry.npmjs.org/@99mini/console-logger/-/console-logger-1.0.0-rc.1.tgz",
      "integrity": "sha512-wSPXRsXgqa9JmzS6RZriDFIXJDx3ZET4BGi5gT1fZy8/7ybi+FXEoGmcsVJ7ERhLgrw5Z+a7c4nqMAZE4qtfLw==",
      "license": "MIT"
    }
  }
}
